{
  "dependencies": {
    "bootstrap-datepicker": {
      "version": "1.6.0",
      "resolved": "https://registry.npmjs.org/bootstrap-datepicker/-/bootstrap-datepicker-1.6.0.tgz",
      "from": "https://registry.npmjs.org/bootstrap-datepicker/-/bootstrap-datepicker-1.6.0.tgz"
    },
    "jquery": {
      "version": "2.2.3",
      "resolved": "https://registry.npmjs.org/jquery/-/jquery-2.2.3.tgz",
      "from": "https://registry.npmjs.org/jquery/-/jquery-2.2.3.tgz"
    },
    "jquery-ui": {
      "version": "1.10.5",
      "resolved": "https://registry.npmjs.org/jquery-ui/-/jquery-ui-1.10.5.tgz",
      "from": "https://registry.npmjs.org/jquery-ui/-/jquery-ui-1.10.5.tgz"
    },
    "moment": {
      "version": "2.12.0",
      "resolved": "https://registry.npmjs.org/moment/-/moment-2.12.0.tgz",
      "from": "https://registry.npmjs.org/moment/-/moment-2.12.0.tgz"
    },
    "moment-timezone": {
      "version": "0.5.3",
      "resolved": "https://registry.npmjs.org/moment-timezone/-/moment-timezone-0.5.3.tgz",
      "from": "https://registry.npmjs.org/moment-timezone/-/moment-timezone-0.5.3.tgz"
    },
    "twix": {
      "version": "0.9.0",
      "resolved": "https://registry.npmjs.org/twix/-/twix-0.9.0.tgz",
      "from": "https://registry.npmjs.org/twix/-/twix-0.9.0.tgz"
    }
  }
}
